
Microsoft Visual Studio Solution File, Format Version 12.00
# Visual Studio Version 16
VisualStudioVersion = 16.0.31424.327
MinimumVisualStudioVersion = 10.0.40219.1
Project("{9A19103F-16F7-4668-BE54-9A1E7A4F7556}") = "Henry-Inc.WebApp", "Henry-Inc.WebApp\Henry-Inc.WebApp.csproj", "{33DDADDD-0332-4254-9033-1A8017E10EE0}"
EndProject
Project("{9A19103F-16F7-4668-BE54-9A1E7A4F7556}") = "Henry-Inc.Data", "Henry-Inc.Data\Henry-Inc.Data.csproj", "{6B2D9977-B784-4AB1-A813-5133E9C9822F}"
EndProject
Project("{9A19103F-16F7-4668-BE54-9A1E7A4F7556}") = "Henry-Inc.Application", "Henry-Inc.Application\Henry-Inc.Application.csproj", "{9034D293-AF60-49D2-81E1-46A343BD6351}"
EndProject
Project("{9A19103F-16F7-4668-BE54-9A1E7A4F7556}") = "Henry-Inc.Utilities", "Henry-Inc.Utilities\Henry-Inc.Utilities.csproj", "{DE2C6743-9E0E-48A6-B224-1EEFA020ACEA}"
EndProject
Project("{9A19103F-16F7-4668-BE54-9A1E7A4F7556}") = "Henry-Inc.ViewModels", "Henry-Inc.ViewModels\Henry-Inc.ViewModels.csproj", "{5C9789FA-0F41-47E2-BFBF-B5FA222CDAFD}"
EndProject
Project("{9A19103F-16F7-4668-BE54-9A1E7A4F7556}") = "Henry-Inc.BackendApi", "Henry-Inc.BackendApi\Henry-Inc.BackendApi.csproj", "{899E73E4-19F0-4B3F-A780-7D89109858EB}"
EndProject
Project("{2150E333-8FDC-42A3-9474-1A3956D46DE8}") = "1. Infrashstructure", "1. Infrashstructure", "{7E4BB457-6D98-4409-9F71-605BF718497C}"
EndProject
Project("{2150E333-8FDC-42A3-9474-1A3956D46DE8}") = "2. Domain", "2. Domain", "{A9D819EC-7F9A-4016-827C-EB17D8C998A1}"
EndProject
Project("{2150E333-8FDC-42A3-9474-1A3956D46DE8}") = "3. Host", "3. Host", "{541A9DCC-CA4D-4ABB-B592-8B880C87A20F}"
EndProject
Project("{9A19103F-16F7-4668-BE54-9A1E7A4F7556}") = "Henry-Inc.AdminApp", "Henry-Inc.AdminApp\Henry-Inc.AdminApp.csproj", "{F30DA9BF-EDA5-4C44-99A5-9EE608116A33}"
EndProject
Project("{FAE04EC0-301F-11D3-BF4B-00C04F79EFBC}") = "Henri-Inc.ApiIntergration", "Henri-Inc.ApiIntergration\Henri-Inc.ApiIntergration.csproj", "{96668F99-B383-483E-BDE8-AB6A914F3BDE}"
EndProject
Global
	GlobalSection(SolutionConfigurationPlatforms) = preSolution
		Debug|Any CPU = Debug|Any CPU
		Release|Any CPU = Release|Any CPU
	EndGlobalSection
	GlobalSection(ProjectConfigurationPlatforms) = postSolution
		{33DDADDD-0332-4254-9033-1A8017E10EE0}.Debug|Any CPU.ActiveCfg = Debug|Any CPU
		{33DDADDD-0332-4254-9033-1A8017E10EE0}.Debug|Any CPU.Build.0 = Debug|Any CPU
		{33DDADDD-0332-4254-9033-1A8017E10EE0}.Release|Any CPU.ActiveCfg = Release|Any CPU
		{33DDADDD-0332-4254-9033-1A8017E10EE0}.Release|Any CPU.Build.0 = Release|Any CPU
		{6B2D9977-B784-4AB1-A813-5133E9C9822F}.Debug|Any CPU.ActiveCfg = Debug|Any CPU
		{6B2D9977-B784-4AB1-A813-5133E9C9822F}.Debug|Any CPU.Build.0 = Debug|Any CPU
		{6B2D9977-B784-4AB1-A813-5133E9C9822F}.Release|Any CPU.ActiveCfg = Release|Any CPU
		{6B2D9977-B784-4AB1-A813-5133E9C9822F}.Release|Any CPU.Build.0 = Release|Any CPU
		{9034D293-AF60-49D2-81E1-46A343BD6351}.Debug|Any CPU.ActiveCfg = Debug|Any CPU
		{9034D293-AF60-49D2-81E1-46A343BD6351}.Debug|Any CPU.Build.0 = Debug|Any CPU
		{9034D293-AF60-49D2-81E1-46A343BD6351}.Release|Any CPU.ActiveCfg = Release|Any CPU
		{9034D293-AF60-49D2-81E1-46A343BD6351}.Release|Any CPU.Build.0 = Release|Any CPU
		{DE2C6743-9E0E-48A6-B224-1EEFA020ACEA}.Debug|Any CPU.ActiveCfg = Debug|Any CPU
		{DE2C6743-9E0E-48A6-B224-1EEFA020ACEA}.Debug|Any CPU.Build.0 = Debug|Any CPU
		{DE2C6743-9E0E-48A6-B224-1EEFA020ACEA}.Release|Any CPU.ActiveCfg = Release|Any CPU
		{DE2C6743-9E0E-48A6-B224-1EEFA020ACEA}.Release|Any CPU.Build.0 = Release|Any CPU
		{5C9789FA-0F41-47E2-BFBF-B5FA222CDAFD}.Debug|Any CPU.ActiveCfg = Debug|Any CPU
		{5C9789FA-0F41-47E2-BFBF-B5FA222CDAFD}.Debug|Any CPU.Build.0 = Debug|Any CPU
		{5C9789FA-0F41-47E2-BFBF-B5FA222CDAFD}.Release|Any CPU.ActiveCfg = Release|Any CPU
		{5C9789FA-0F41-47E2-BFBF-B5FA222CDAFD}.Release|Any CPU.Build.0 = Release|Any CPU
		{899E73E4-19F0-4B3F-A780-7D89109858EB}.Debug|Any CPU.ActiveCfg = Debug|Any CPU
		{899E73E4-19F0-4B3F-A780-7D89109858EB}.Debug|Any CPU.Build.0 = Debug|Any CPU
		{899E73E4-19F0-4B3F-A780-7D89109858EB}.Release|Any CPU.ActiveCfg = Release|Any CPU
		{899E73E4-19F0-4B3F-A780-7D89109858EB}.Release|Any CPU.Build.0 = Release|Any CPU
		{F30DA9BF-EDA5-4C44-99A5-9EE608116A33}.Debug|Any CPU.ActiveCfg = Debug|Any CPU
		{F30DA9BF-EDA5-4C44-99A5-9EE608116A33}.Debug|Any CPU.Build.0 = Debug|Any CPU
		{F30DA9BF-EDA5-4C44-99A5-9EE608116A33}.Release|Any CPU.ActiveCfg = Release|Any CPU
		{F30DA9BF-EDA5-4C44-99A5-9EE608116A33}.Release|Any CPU.Build.0 = Release|Any CPU
		{96668F99-B383-483E-BDE8-AB6A914F3BDE}.Debug|Any CPU.ActiveCfg = Debug|Any CPU
		{96668F99-B383-483E-BDE8-AB6A914F3BDE}.Debug|Any CPU.Build.0 = Debug|Any CPU
		{96668F99-B383-483E-BDE8-AB6A914F3BDE}.Release|Any CPU.ActiveCfg = Release|Any CPU
		{96668F99-B383-483E-BDE8-AB6A914F3BDE}.Release|Any CPU.Build.0 = Release|Any CPU
	EndGlobalSection
	GlobalSection(SolutionProperties) = preSolution
		HideSolutionNode = FALSE
	EndGlobalSection
	GlobalSection(NestedProjects) = preSolution
		{33DDADDD-0332-4254-9033-1A8017E10EE0} = {541A9DCC-CA4D-4ABB-B592-8B880C87A20F}
		{6B2D9977-B784-4AB1-A813-5133E9C9822F} = {A9D819EC-7F9A-4016-827C-EB17D8C998A1}
		{9034D293-AF60-49D2-81E1-46A343BD6351} = {A9D819EC-7F9A-4016-827C-EB17D8C998A1}
		{DE2C6743-9E0E-48A6-B224-1EEFA020ACEA} = {7E4BB457-6D98-4409-9F71-605BF718497C}
		{5C9789FA-0F41-47E2-BFBF-B5FA222CDAFD} = {7E4BB457-6D98-4409-9F71-605BF718497C}
		{899E73E4-19F0-4B3F-A780-7D89109858EB} = {541A9DCC-CA4D-4ABB-B592-8B880C87A20F}
		{F30DA9BF-EDA5-4C44-99A5-9EE608116A33} = {541A9DCC-CA4D-4ABB-B592-8B880C87A20F}
		{96668F99-B383-483E-BDE8-AB6A914F3BDE} = {541A9DCC-CA4D-4ABB-B592-8B880C87A20F}
	EndGlobalSection
	GlobalSection(ExtensibilityGlobals) = postSolution
		SolutionGuid = {AA6073A3-81D4-4970-B981-187E7A731C0F}
	EndGlobalSection
EndGlobal
